<?xml version="1.0" encoding="utf-8"?>
<Project ToolsVersion="4.0" xmlns="http://schemas.microsoft.com/developer/msbuild/2003">
  <ItemGroup>
    <Filter Include="Source Files">
      <UniqueIdentifier>{4FC737F1-C7A5-4376-A066-2A32D752A2FF}</UniqueIdentifier>
      <Extensions>cpp;c;cc;cxx;c++;cppm;ixx;def;odl;idl;hpj;bat;asm;asmx</Extensions>
    </Filter>
    <Filter Include="Header Files">
      <UniqueIdentifier>{93995380-89BD-4b04-88EB-625FBE52EBFB}</UniqueIdentifier>
      <Extensions>h;hh;hpp;hxx;h++;hm;inl;inc;ipp;xsd</Extensions>
    </Filter>
    <Filter Include="Resource Files">
      <UniqueIdentifier>{67DA6AB6-F800-4c08-8B7A-83BB121AAD01}</UniqueIdentifier>
      <Extensions>rc;ico;cur;bmp;dlg;rc2;rct;bin;rgs;gif;jpg;jpeg;jpe;resx;tiff;tif;png;wav;mfcribbon-ms</Extensions>
    </Filter>
    <Filter Include="Textures">
      <UniqueIdentifier>{73dbeafe-0500-4db8-a8ce-60dac12d014d}</UniqueIdentifier>
    </Filter>
    <Filter Include="Textures\Tiles">
      <UniqueIdentifier>{9879d47b-0245-4fe2-b0df-abf7ed7fc41f}</UniqueIdentifier>
    </Filter>
    <Filter Include="Header Files\buttons">
      <UniqueIdentifier>{6ea5d963-bda1-4e1c-a060-801c32e72ec7}</UniqueIdentifier>
    </Filter>
    <Filter Include="Header Files\tiles">
      <UniqueIdentifier>{7e6d1e47-8166-40e1-ba28-c399cca98eff}</UniqueIdentifier>
    </Filter>
    <Filter Include="properties">
      <UniqueIdentifier>{6462c803-81f1-4071-8546-fb004dce6adc}</UniqueIdentifier>
    </Filter>
  </ItemGroup>
  <ItemGroup>
    <ClCompile Include="a.cpp">
      <Filter>Source Files</Filter>
    </ClCompile>
    <ClCompile Include="tile.cpp">
      <Filter>Source Files</Filter>
    </ClCompile>
    <ClCompile Include="gui.cpp">
      <Filter>Source Files</Filter>
    </ClCompile>
    <ClCompile Include="player.cpp">
      <Filter>Source Files</Filter>
    </ClCompile>
    <ClCompile Include="modes.cpp">
      <Filter>Source Files</Filter>
    </ClCompile>
    <ClCompile Include="buttons.cpp">
      <Filter>Source Files</Filter>
    </ClCompile>
    <ClCompile Include="utils.cpp">
      <Filter>Source Files</Filter>
    </ClCompile>
  </ItemGroup>
  <ItemGroup>
    <ClInclude Include="tile.h">
      <Filter>Header Files</Filter>
    </ClInclude>
    <ClInclude Include="headers.h">
      <Filter>Header Files</Filter>
    </ClInclude>
    <ClInclude Include="utils.h">
      <Filter>Header Files</Filter>
    </ClInclude>
    <ClInclude Include="gui.h">
      <Filter>Header Files</Filter>
    </ClInclude>
    <ClInclude Include="textures.h">
      <Filter>Header Files</Filter>
    </ClInclude>
    <ClInclude Include="player.h">
      <Filter>Header Files</Filter>
    </ClInclude>
    <ClInclude Include="spawn.h">
      <Filter>Header Files\tiles</Filter>
    </ClInclude>
    <ClInclude Include="globals.h">
      <Filter>Header Files</Filter>
    </ClInclude>
    <ClInclude Include="modes.h">
      <Filter>Header Files</Filter>
    </ClInclude>
    <ClInclude Include="buttons.h">
      <Filter>Header Files\buttons</Filter>
    </ClInclude>
    <ClInclude Include="export.h">
      <Filter>Header Files\buttons</Filter>
    </ClInclude>
    <ClInclude Include="import.h">
      <Filter>Header Files\buttons</Filter>
    </ClInclude>
    <ClInclude Include="delete.h">
      <Filter>Header Files\buttons</Filter>
    </ClInclude>
  </ItemGroup>
  <ItemGroup>
    <Text Include="..\..\..\tileEngine\a\properties\sand.txt">
      <Filter>properties</Filter>
    </Text>
    <Text Include="..\..\..\tileEngine\a\properties\spawn.txt">
      <Filter>properties</Filter>
    </Text>
    <Text Include="..\..\..\tileEngine\a\properties\stone.txt">
      <Filter>properties</Filter>
    </Text>
    <Text Include="..\..\..\tileEngine\a\properties\wood.txt">
      <Filter>properties</Filter>
    </Text>
    <Text Include="..\..\..\tileEngine\a\properties\air.txt">
      <Filter>properties</Filter>
    </Text>
    <Text Include="..\..\..\tileEngine\a\properties\bagpula.txt">
      <Filter>properties</Filter>
    </Text>
    <Text Include="..\..\..\tileEngine\a\properties\cacat.txt">
      <Filter>properties</Filter>
    </Text>
    <Text Include="..\..\..\tileEngine\a\properties\dirt.txt">
      <Filter>properties</Filter>
    </Text>
    <Text Include="..\..\..\tileEngine\a\properties\gold_ore.txt">
      <Filter>properties</Filter>
    </Text>
    <Text Include="..\..\..\tileEngine\a\properties\grass.txt">
      <Filter>properties</Filter>
    </Text>
    <Text Include="..\..\..\tileEngine\a\properties\leaves.txt">
      <Filter>properties</Filter>
    </Text>
    <Text Include="..\..\..\tileEngine\a\properties\log.txt">
      <Filter>properties</Filter>
    </Text>
    <Text Include="..\..\..\tileEngine\a\properties\player.txt">
      <Filter>properties</Filter>
    </Text>
  </ItemGroup>
</Project>